
Microsoft Visual Studio Solution File, Format Version 12.00
# Visual Studio 15
Project("{FAE04EC0-301F-11D3-BF4B-00C04F79EFBC}") = "QMVCFramework", "QMVCFramework.csproj", "{8DFF3E44-D58C-5681-A773-CFBEEF9A8F52}"
EndProject
Project("{FAE04EC0-301F-11D3-BF4B-00C04F79EFBC}") = "Assembly-CSharp", "Assembly-CSharp.csproj", "{60748E9F-5DFC-96D1-02E9-DC7781AF3C2F}"
EndProject
Global
	GlobalSection(SolutionConfigurationPlatforms) = preSolution
		Debug|Any CPU = Debug|Any CPU
		Release|Any CPU = Release|Any CPU
	EndGlobalSection
	GlobalSection(ProjectConfigurationPlatforms) = postSolution
		{8DFF3E44-D58C-5681-A773-CFBEEF9A8F52}.Debug|Any CPU.ActiveCfg = Debug|Any CPU
		{8DFF3E44-D58C-5681-A773-CFBEEF9A8F52}.Debug|Any CPU.Build.0 = Debug|Any CPU
		{8DFF3E44-D58C-5681-A773-CFBEEF9A8F52}.Release|Any CPU.ActiveCfg = Release|Any CPU
		{8DFF3E44-D58C-5681-A773-CFBEEF9A8F52}.Release|Any CPU.Build.0 = Release|Any CPU
		{60748E9F-5DFC-96D1-02E9-DC7781AF3C2F}.Debug|Any CPU.ActiveCfg = Debug|Any CPU
		{60748E9F-5DFC-96D1-02E9-DC7781AF3C2F}.Debug|Any CPU.Build.0 = Debug|Any CPU
		{60748E9F-5DFC-96D1-02E9-DC7781AF3C2F}.Release|Any CPU.ActiveCfg = Release|Any CPU
		{60748E9F-5DFC-96D1-02E9-DC7781AF3C2F}.Release|Any CPU.Build.0 = Release|Any CPU
	EndGlobalSection
	GlobalSection(SolutionProperties) = preSolution
		HideSolutionNode = FALSE
	EndGlobalSection
EndGlobal
