
Microsoft Visual Studio Solution File, Format Version 12.00
# Visual Studio 15
Project("{FAE04EC0-301F-11D3-BF4B-00C04F79EFBC}") = "QMVCFramework", "QMVCFramework.csproj", "{8DFF3E44-D58C-5681-A773-CFBEEF9A8F52}"
EndProject
Project("{FAE04EC0-301F-11D3-BF4B-00C04F79EFBC}") = "Assembly-CSharp-firstpass", "Assembly-CSharp-firstpass.csproj", "{F0060744-1A09-DD96-3BC1-143A1CE6FBF2}"
EndProject
Project("{FAE04EC0-301F-11D3-BF4B-00C04F79EFBC}") = "SheepSheep", "SheepSheep.csproj", "{751E90DA-3E18-57E6-E3FD-EC3D69FA3A25}"
EndProject
Project("{FAE04EC0-301F-11D3-BF4B-00C04F79EFBC}") = "Utility", "Utility.csproj", "{25BAFA27-6C45-E95D-2883-9FDE7D382F19}"
EndProject
Project("{FAE04EC0-301F-11D3-BF4B-00C04F79EFBC}") = "Sheep", "Sheep.csproj", "{C6987C20-A5FA-88FD-50E7-4B34890A14C4}"
EndProject
Global
	GlobalSection(SolutionConfigurationPlatforms) = preSolution
		Debug|Any CPU = Debug|Any CPU
		Release|Any CPU = Release|Any CPU
	EndGlobalSection
	GlobalSection(ProjectConfigurationPlatforms) = postSolution
		{8DFF3E44-D58C-5681-A773-CFBEEF9A8F52}.Debug|Any CPU.ActiveCfg = Debug|Any CPU
		{8DFF3E44-D58C-5681-A773-CFBEEF9A8F52}.Debug|Any CPU.Build.0 = Debug|Any CPU
		{8DFF3E44-D58C-5681-A773-CFBEEF9A8F52}.Release|Any CPU.ActiveCfg = Release|Any CPU
		{8DFF3E44-D58C-5681-A773-CFBEEF9A8F52}.Release|Any CPU.Build.0 = Release|Any CPU
		{F0060744-1A09-DD96-3BC1-143A1CE6FBF2}.Debug|Any CPU.ActiveCfg = Debug|Any CPU
		{F0060744-1A09-DD96-3BC1-143A1CE6FBF2}.Debug|Any CPU.Build.0 = Debug|Any CPU
		{F0060744-1A09-DD96-3BC1-143A1CE6FBF2}.Release|Any CPU.ActiveCfg = Release|Any CPU
		{F0060744-1A09-DD96-3BC1-143A1CE6FBF2}.Release|Any CPU.Build.0 = Release|Any CPU
		{751E90DA-3E18-57E6-E3FD-EC3D69FA3A25}.Debug|Any CPU.ActiveCfg = Debug|Any CPU
		{751E90DA-3E18-57E6-E3FD-EC3D69FA3A25}.Debug|Any CPU.Build.0 = Debug|Any CPU
		{751E90DA-3E18-57E6-E3FD-EC3D69FA3A25}.Release|Any CPU.ActiveCfg = Release|Any CPU
		{751E90DA-3E18-57E6-E3FD-EC3D69FA3A25}.Release|Any CPU.Build.0 = Release|Any CPU
		{25BAFA27-6C45-E95D-2883-9FDE7D382F19}.Debug|Any CPU.ActiveCfg = Debug|Any CPU
		{25BAFA27-6C45-E95D-2883-9FDE7D382F19}.Debug|Any CPU.Build.0 = Debug|Any CPU
		{25BAFA27-6C45-E95D-2883-9FDE7D382F19}.Release|Any CPU.ActiveCfg = Release|Any CPU
		{25BAFA27-6C45-E95D-2883-9FDE7D382F19}.Release|Any CPU.Build.0 = Release|Any CPU
		{C6987C20-A5FA-88FD-50E7-4B34890A14C4}.Debug|Any CPU.ActiveCfg = Debug|Any CPU
		{C6987C20-A5FA-88FD-50E7-4B34890A14C4}.Debug|Any CPU.Build.0 = Debug|Any CPU
		{C6987C20-A5FA-88FD-50E7-4B34890A14C4}.Release|Any CPU.ActiveCfg = Release|Any CPU
		{C6987C20-A5FA-88FD-50E7-4B34890A14C4}.Release|Any CPU.Build.0 = Release|Any CPU
	EndGlobalSection
	GlobalSection(SolutionProperties) = preSolution
		HideSolutionNode = FALSE
	EndGlobalSection
EndGlobal
